// !$*UTF8*$!
{
	archiveVersion = 1;
	classes = {
	};
	objectVersion = 55;
	objects = {

/* Begin PBXBuildFile section */
		52A7FB8028DC21740008E671 /* AppDelegate.swift in Sources */ = {isa = PBXBuildFile; fileRef = 52A7FB7F28DC21740008E671 /* AppDelegate.swift */; };
		52A7FB8228DC21740008E671 /* SceneDelegate.swift in Sources */ = {isa = PBXBuildFile; fileRef = 52A7FB8128DC21740008E671 /* SceneDelegate.swift */; };
		52A7FB8428DC21740008E671 /* ViewController.swift in Sources */ = {isa = PBXBuildFile; fileRef = 52A7FB8328DC21740008E671 /* ViewController.swift */; };
		52A7FB8728DC21740008E671 /* Main.storyboard in Resources */ = {isa = PBXBuildFile; fileRef = 52A7FB8528DC21740008E671 /* Main.storyboard */; };
		52A7FB8928DC21760008E671 /* Assets.xcassets in Resources */ = {isa = PBXBuildFile; fileRef = 52A7FB8828DC21760008E671 /* Assets.xcassets */; };
		52A7FB8C28DC21760008E671 /* LaunchScreen.storyboard in Resources */ = {isa = PBXBuildFile; fileRef = 52A7FB8A28DC21760008E671 /* LaunchScreen.storyboard */; };
		52A7FB9428DC21EE0008E671 /* GoogleService-Info.plist in Resources */ = {isa = PBXBuildFile; fileRef = 52A7FB9328DC21EE0008E671 /* GoogleService-Info.plist */; };
		9ED514B77489DAAEBEF1DD0A /* Pods_RealtimeCounter.framework in Frameworks */ = {isa = PBXBuildFile; fileRef = BE784CE1656C816A28A1EF76 /* Pods_RealtimeCounter.framework */; };
/* End PBXBuildFile section */

/* Begin PBXFileReference section */
		52A7FB7C28DC21740008E671 /* RealtimeCounter.app */ = {isa = PBXFileReference; explicitFileType = wrapper.application; includeInIndex = 0; path = RealtimeCounter.app; sourceTree = BUILT_PRODUCTS_DIR; };
		52A7FB7F28DC21740008E671 /* AppDelegate.swift */ = {isa = PBXFileReference; lastKnownFileType = sourcecode.swift; path = AppDelegate.swift; sourceTree = "<group>"; };
		52A7FB8128DC21740008E671 /* SceneDelegate.swift */ = {isa = PBXFileReference; lastKnownFileType = sourcecode.swift; path = SceneDelegate.swift; sourceTree = "<group>"; };
		52A7FB8328DC21740008E671 /* ViewController.swift */ = {isa = PBXFileReference; lastKnownFileType = sourcecode.swift; path = ViewController.swift; sourceTree = "<group>"; };
		52A7FB8628DC21740008E671 /* Base */ = {isa = PBXFileReference; lastKnownFileType = file.storyboard; name = Base; path = Base.lproj/Main.storyboard; sourceTree = "<group>"; };
		52A7FB8828DC21760008E671 /* Assets.xcassets */ = {isa = PBXFileReference; lastKnownFileType = folder.assetcatalog; path = Assets.xcassets; sourceTree = "<group>"; };
		52A7FB8B28DC21760008E671 /* Base */ = {isa = PBXFileReference; lastKnownFileType = file.storyboard; name = Base; path = Base.lproj/LaunchScreen.storyboard; sourceTree = "<group>"; };
		52A7FB8D28DC21760008E671 /* Info.plist */ = {isa = PBXFileReference; lastKnownFileType = text.plist.xml; path = Info.plist; sourceTree = "<group>"; };
		52A7FB9328DC21EE0008E671 /* GoogleService-Info.plist */ = {isa = PBXFileReference; fileEncoding = 4; lastKnownFileType = text.plist.xml; path = "GoogleService-Info.plist"; sourceTree = "<group>"; };
		A3063151347B5DDAB6646A84 /* Pods-RealtimeCounter.debug.xcconfig */ = {isa = PBXFileReference; includeInIndex = 1; lastKnownFileType = text.xcconfig; name = "Pods-RealtimeCounter.debug.xcconfig"; path = "Target Support Files/Pods-RealtimeCounter/Pods-RealtimeCounter.debug.xcconfig"; sourceTree = "<group>"; };
		B21CE935BE3B4007D7C0EC5E /* Pods-RealtimeCounter.release.xcconfig */ = {isa = PBXFileReference; includeInIndex = 1; lastKnownFileType = text.xcconfig; name = "Pods-RealtimeCounter.release.xcconfig"; path = "Target Support Files/Pods-RealtimeCounter/Pods-RealtimeCounter.release.xcconfig"; sourceTree = "<group>"; };
		BE784CE1656C816A28A1EF76 /* Pods_RealtimeCounter.framework */ = {isa = PBXFileReference; explicitFileType = wrapper.framework; includeInIndex = 0; path = Pods_RealtimeCounter.framework; sourceTree = BUILT_PRODUCTS_DIR; };
/* End PBXFileReference section */

/* Begin PBXFrameworksBuildPhase section */
		52A7FB7928DC21740008E671 /* Frameworks */ = {
			isa = PBXFrameworksBuildPhase;
			buildActionMask = 2147483647;
			files = (
				9ED514B77489DAAEBEF1DD0A /* Pods_RealtimeCounter.framework in Frameworks */,
			);
			runOnlyForDeploymentPostprocessing = 0;
		};
/* End PBXFrameworksBuildPhase section */

/* Begin PBXGroup section */
		2F7B74E21EE3647D3469005C /* Frameworks */ = {
			isa = PBXGroup;
			children = (
				BE784CE1656C816A28A1EF76 /* Pods_RealtimeCounter.framework */,
			);
			name = Frameworks;
			sourceTree = "<group>";
		};
		52A7FB7328DC21740008E671 = {
			isa = PBXGroup;
			children = (
				52A7FB7E28DC21740008E671 /* RealtimeCounter */,
				52A7FB7D28DC21740008E671 /* Products */,
				BA9AEB81D9183313275C5960 /* Pods */,
				2F7B74E21EE3647D3469005C /* Frameworks */,
			);
			sourceTree = "<group>";
		};
		52A7FB7D28DC21740008E671 /* Products */ = {
			isa = PBXGroup;
			children = (
				52A7FB7C28DC21740008E671 /* RealtimeCounter.app */,
			);
			name = Products;
			sourceTree = "<group>";
		};
		52A7FB7E28DC21740008E671 /* RealtimeCounter */ = {
			isa = PBXGroup;
			children = (
				52A7FB7F28DC21740008E671 /* AppDelegate.swift */,
				52A7FB8128DC21740008E671 /* SceneDelegate.swift */,
				52A7FB9328DC21EE0008E671 /* GoogleService-Info.plist */,
				52A7FB8328DC21740008E671 /* ViewController.swift */,
				52A7FB8528DC21740008E671 /* Main.storyboard */,
				52A7FB8828DC21760008E671 /* Assets.xcassets */,
				52A7FB8A28DC21760008E671 /* LaunchScreen.storyboard */,
				52A7FB8D28DC21760008E671 /* Info.plist */,
			);
			path = RealtimeCounter;
			sourceTree = "<group>";
		};
		BA9AEB81D9183313275C5960 /* Pods */ = {
			isa = PBXGroup;
			children = (
				A3063151347B5DDAB6646A84 /* Pods-RealtimeCounter.debug.xcconfig */,
				B21CE935BE3B4007D7C0EC5E /* Pods-RealtimeCounter.release.xcconfig */,
			);
			name = Pods;
			path = Pods;
			sourceTree = "<group>";
		};
/* End PBXGroup section */

/* Begin PBXNativeTarget section */
		52A7FB7B28DC21740008E671 /* RealtimeCounter */ = {
			isa = PBXNativeTarget;
			buildConfigurationList = 52A7FB9028DC21760008E671 /* Build configuration list for PBXNativeTarget "RealtimeCounter" */;
			buildPhases = (
				0EC5C3A12C9CBEA1B5794D51 /* [CP] Check Pods Manifest.lock */,
				52A7FB7828DC21740008E671 /* Sources */,
				52A7FB7928DC21740008E671 /* Frameworks */,
				52A7FB7A28DC21740008E671 /* Resources */,
				838BF1A8E0180FCC324B38ED /* [CP] Embed Pods Frameworks */,
			);
			buildRules = (
			);
			dependencies = (
			);
			name = RealtimeCounter;
			productName = RealtimeCounter;
			productReference = 52A7FB7C28DC21740008E671 /* RealtimeCounter.app */;
			productType = "com.apple.product-type.application";
		};
/* End PBXNativeTarget section */

/* Begin PBXProject section */
		52A7FB7428DC21740008E671 /* Project object */ = {
			isa = PBXProject;
			attributes = {
				BuildIndependentTargetsInParallel = 1;
				LastSwiftUpdateCheck = 1340;
				LastUpgradeCheck = 1340;
				TargetAttributes = {
					52A7FB7B28DC21740008E671 = {
						CreatedOnToolsVersion = 13.4.1;
					};
				};
			};
			buildConfigurationList = 52A7FB7728DC21740008E671 /* Build configuration list for PBXProject "RealtimeCounter" */;
			compatibilityVersion = "Xcode 13.0";
			developmentRegion = en;
			hasScannedForEncodings = 0;
			knownRegions = (
				en,
				Base,
			);
			mainGroup = 52A7FB7328DC21740008E671;
			productRefGroup = 52A7FB7D28DC21740008E671 /* Products */;
			projectDirPath = "";
			projectRoot = "";
			targets = (
				52A7FB7B28DC21740008E671 /* RealtimeCounter */,
			);
		};
/* End PBXProject section */

/* Begin PBXResourcesBuildPhase section */
		52A7FB7A28DC21740008E671 /* Resources */ = {
			isa = PBXResourcesBuildPhase;
			buildActionMask = 2147483647;
			files = (
				52A7FB8C28DC21760008E671 /* LaunchScreen.storyboard in Resources */,
				52A7FB9428DC21EE0008E671 /* GoogleService-Info.plist in Resources */,
				52A7FB8928DC21760008E671 /* Assets.xcassets in Resources */,
				52A7FB8728DC21740008E671 /* Main.storyboard in Resources */,
			);
			runOnlyForDeploymentPostprocessing = 0;
		};
/* End PBXResourcesBuildPhase section */

/* Begin PBXShellScriptBuildPhase section */
		0EC5C3A12C9CBEA1B5794D51 /* [CP] Check Pods Manifest.lock */ = {
			isa = PBXShellScriptBuildPhase;
			buildActionMask = 2147483647;
			files = (
			);
			inputFileListPaths = (
			);
			inputPaths = (
				"${PODS_PODFILE_DIR_PATH}/Podfile.lock",
				"${PODS_ROOT}/Manifest.lock",
			);
			name = "[CP] Check Pods Manifest.lock";
			outputFileListPaths = (
			);
			outputPaths = (
				"$(DERIVED_FILE_DIR)/Pods-RealtimeCounter-checkManifestLockResult.txt",
			);
			runOnlyForDeploymentPostprocessing = 0;
			shellPath = /bin/sh;
			shellScript = "diff \"${PODS_PODFILE_DIR_PATH}/Podfile.lock\" \"${PODS_ROOT}/Manifest.lock\" > /dev/null\nif [ $? != 0 ] ; then\n    # print error to STDERR\n    echo \"error: The sandbox is not in sync with the Podfile.lock. Run 'pod install' or update your CocoaPods installation.\" >&2\n    exit 1\nfi\n# This output is used by Xcode 'outputs' to avoid re-running this script phase.\necho \"SUCCESS\" > \"${SCRIPT_OUTPUT_FILE_0}\"\n";
			showEnvVarsInLog = 0;
		};
		838BF1A8E0180FCC324B38ED /* [CP] Embed Pods Frameworks */ = {
			isa = PBXShellScriptBuildPhase;
			buildActionMask = 2147483647;
			files = (
			);
			inputFileListPaths = (
				"${PODS_ROOT}/Target Support Files/Pods-RealtimeCounter/Pods-RealtimeCounter-frameworks-${CONFIGURATION}-input-files.xcfilelist",
			);
			name = "[CP] Embed Pods Frameworks";
			outputFileListPaths = (
				"${PODS_ROOT}/Target Support Files/Pods-RealtimeCounter/Pods-RealtimeCounter-frameworks-${CONFIGURATION}-output-files.xcfilelist",
			);
			runOnlyForDeploymentPostprocessing = 0;
			shellPath = /bin/sh;
			shellScript = "\"${PODS_ROOT}/Target Support Files/Pods-RealtimeCounter/Pods-RealtimeCounter-frameworks.sh\"\n";
			showEnvVarsInLog = 0;
		};
/* End PBXShellScriptBuildPhase section */

/* Begin PBXSourcesBuildPhase section */
		52A7FB7828DC21740008E671 /* Sources */ = {
			isa = PBXSourcesBuildPhase;
			buildActionMask = 2147483647;
			files = (
				52A7FB8428DC21740008E671 /* ViewController.swift in Sources */,
				52A7FB8028DC21740008E671 /* AppDelegate.swift in Sources */,
				52A7FB8228DC21740008E671 /* SceneDelegate.swift in Sources */,
			);
			runOnlyForDeploymentPostprocessing = 0;
		};
/* End PBXSourcesBuildPhase section */

/* Begin PBXVariantGroup section */
		52A7FB8528DC21740008E671 /* Main.storyboard */ = {
			isa = PBXVariantGroup;
			children = (
				52A7FB8628DC21740008E671 /* Base */,
			);
			name = Main.storyboard;
			sourceTree = "<group>";
		};
		52A7FB8A28DC21760008E671 /* LaunchScreen.storyboard */ = {
			isa = PBXVariantGroup;
			children = (
				52A7FB8B28DC21760008E671 /* Base */,
			);
			name = LaunchScreen.storyboard;
			sourceTree = "<group>";
		};
/* End PBXVariantGroup section */

/* Begin XCBuildConfiguration section */
		52A7FB8E28DC21760008E671 /* Debug */ = {
			isa = XCBuildConfiguration;
			buildSettings = {
				ALWAYS_SEARCH_USER_PATHS = NO;
				CLANG_ANALYZER_NONNULL = YES;
				CLANG_ANALYZER_NUMBER_OBJECT_CONVERSION = YES_AGGRESSIVE;
				CLANG_CXX_LANGUAGE_STANDARD = "gnu++17";
				CLANG_ENABLE_MODULES = YES;
				CLANG_ENABLE_OBJC_ARC = YES;
				CLANG_ENABLE_OBJC_WEAK = YES;
				CLANG_WARN_BLOCK_CAPTURE_AUTORELEASING = YES;
				CLANG_WARN_BOOL_CONVERSION = YES;
				CLANG_WARN_COMMA = YES;
				CLANG_WARN_CONSTANT_CONVERSION = YES;
				CLANG_WARN_DEPRECATED_OBJC_IMPLEMENTATIONS = YES;
				CLANG_WARN_DIRECT_OBJC_ISA_USAGE = YES_ERROR;
				CLANG_WARN_DOCUMENTATION_COMMENTS = YES;
				CLANG_WARN_EMPTY_BODY = YES;
				CLANG_WARN_ENUM_CONVERSION = YES;
				CLANG_WARN_INFINITE_RECURSION = YES;
				CLANG_WARN_INT_CONVERSION = YES;
				CLANG_WARN_NON_LITERAL_NULL_CONVERSION = YES;
				CLANG_WARN_OBJC_IMPLICIT_RETAIN_SELF = YES;
				CLANG_WARN_OBJC_LITERAL_CONVERSION = YES;
				CLANG_WARN_OBJC_ROOT_CLASS = YES_ERROR;
				CLANG_WARN_QUOTED_INCLUDE_IN_FRAMEWORK_HEADER = YES;
				CLANG_WARN_RANGE_LOOP_ANALYSIS = YES;
				CLANG_WARN_STRICT_PROTOTYPES = YES;
				CLANG_WARN_SUSPICIOUS_MOVE = YES;
				CLANG_WARN_UNGUARDED_AVAILABILITY = YES_AGGRESSIVE;
				CLANG_WARN_UNREACHABLE_CODE = YES;
				CLANG_WARN__DUPLICATE_METHOD_MATCH = YES;
				COPY_PHASE_STRIP = NO;
				DEBUG_INFORMATION_FORMAT = dwarf;
				ENABLE_STRICT_OBJC_MSGSEND = YES;
				ENABLE_TESTABILITY = YES;
				GCC_C_LANGUAGE_STANDARD = gnu11;
				GCC_DYNAMIC_NO_PIC = NO;
				GCC_NO_COMMON_BLOCKS = YES;
				GCC_OPTIMIZATION_LEVEL = 0;
				GCC_PREPROCESSOR_DEFINITIONS = (
					"DEBUG=1",
					"$(inherited)",
				);
				GCC_WARN_64_TO_32_BIT_CONVERSION = YES;
				GCC_WARN_ABOUT_RETURN_TYPE = YES_ERROR;
				GCC_WARN_UNDECLARED_SELECTOR = YES;
				GCC_WARN_UNINITIALIZED_AUTOS = YES_AGGRESSIVE;
				GCC_WARN_UNUSED_FUNCTION = YES;
				GCC_WARN_UNUSED_VARIABLE = YES;
				IPHONEOS_DEPLOYMENT_TARGET = 15.5;
				MTL_ENABLE_DEBUG_INFO = INCLUDE_SOURCE;
				MTL_FAST_MATH = YES;
				ONLY_ACTIVE_ARCH = YES;
				SDKROOT = iphoneos;
				SWIFT_ACTIVE_COMPILATION_CONDITIONS = DEBUG;
				SWIFT_OPTIMIZATION_LEVEL = "-Onone";
			};
			name = Debug;
		};
		52A7FB8F28DC21760008E671 /* Release */ = {
			isa = XCBuildConfiguration;
			buildSettings = {
				ALWAYS_SEARCH_USER_PATHS = NO;
				CLANG_ANALYZER_NONNULL = YES;
				CLANG_ANALYZER_NUMBER_OBJECT_CONVERSION = YES_AGGRESSIVE;
				CLANG_CXX_LANGUAGE_STANDARD = "gnu++17";
				CLANG_ENABLE_MODULES = YES;
				CLANG_ENABLE_OBJC_ARC = YES;
				CLANG_ENABLE_OBJC_WEAK = YES;
				CLANG_WARN_BLOCK_CAPTURE_AUTORELEASING = YES;
				CLANG_WARN_BOOL_CONVERSION = YES;
				CLANG_WARN_COMMA = YES;
				CLANG_WARN_CONSTANT_CONVERSION = YES;
				CLANG_WARN_DEPRECATED_OBJC_IMPLEMENTATIONS = YES;
				CLANG_WARN_DIRECT_OBJC_ISA_USAGE = YES_ERROR;
				CLANG_WARN_DOCUMENTATION_COMMENTS = YES;
				CLANG_WARN_EMPTY_BODY = YES;
				CLANG_WARN_ENUM_CONVERSION = YES;
				CLANG_WARN_INFINITE_RECURSION = YES;
				CLANG_WARN_INT_CONVERSION = YES;
				CLANG_WARN_NON_LITERAL_NULL_CONVERSION = YES;
				CLANG_WARN_OBJC_IMPLICIT_RETAIN_SELF = YES;
				CLANG_WARN_OBJC_LITERAL_CONVERSION = YES;
				CLANG_WARN_OBJC_ROOT_CLASS = YES_ERROR;
				CLANG_WARN_QUOTED_INCLUDE_IN_FRAMEWORK_HEADER = YES;
				CLANG_WARN_RANGE_LOOP_ANALYSIS = YES;
				CLANG_WARN_STRICT_PROTOTYPES = YES;
				CLANG_WARN_SUSPICIOUS_MOVE = YES;
				CLANG_WARN_UNGUARDED_AVAILABILITY = YES_AGGRESSIVE;
				CLANG_WARN_UNREACHABLE_CODE = YES;
				CLANG_WARN__DUPLICATE_METHOD_MATCH = YES;
				COPY_PHASE_STRIP = NO;
				DEBUG_INFORMATION_FORMAT = "dwarf-with-dsym";
				ENABLE_NS_ASSERTIONS = NO;
				ENABLE_STRICT_OBJC_MSGSEND = YES;
				GCC_C_LANGUAGE_STANDARD = gnu11;
				GCC_NO_COMMON_BLOCKS = YES;
				GCC_WARN_64_TO_32_BIT_CONVERSION = YES;
				GCC_WARN_ABOUT_RETURN_TYPE = YES_ERROR;
				GCC_WARN_UNDECLARED_SELECTOR = YES;
				GCC_WARN_UNINITIALIZED_AUTOS = YES_AGGRESSIVE;
				GCC_WARN_UNUSED_FUNCTION = YES;
				GCC_WARN_UNUSED_VARIABLE = YES;
				IPHONEOS_DEPLOYMENT_TARGET = 15.5;
				MTL_ENABLE_DEBUG_INFO = NO;
				MTL_FAST_MATH = YES;
				SDKROOT = iphoneos;
				SWIFT_COMPILATION_MODE = wholemodule;
				SWIFT_OPTIMIZATION_LEVEL = "-O";
				VALIDATE_PRODUCT = YES;
			};
			name = Release;
		};
		52A7FB9128DC21760008E671 /* Debug */ = {
			isa = XCBuildConfiguration;
			baseConfigurationReference = A3063151347B5DDAB6646A84 /* Pods-RealtimeCounter.debug.xcconfig */;
			buildSettings = {
				ASSETCATALOG_COMPILER_APPICON_NAME = AppIcon;
				ASSETCATALOG_COMPILER_GLOBAL_ACCENT_COLOR_NAME = AccentColor;
				CODE_SIGN_STYLE = Automatic;
				CURRENT_PROJECT_VERSION = 1;
				DEVELOPMENT_TEAM = Q9H79YSD8C;
				GENERATE_INFOPLIST_FILE = YES;
				INFOPLIST_FILE = RealtimeCounter/Info.plist;
				INFOPLIST_KEY_UIApplicationSupportsIndirectInputEvents = YES;
				INFOPLIST_KEY_UILaunchStoryboardName = LaunchScreen;
				INFOPLIST_KEY_UIMainStoryboardFile = Main;
				INFOPLIST_KEY_UISupportedInterfaceOrientations_iPad = "UIInterfaceOrientationPortrait UIInterfaceOrientationPortraitUpsideDown UIInterfaceOrientationLandscapeLeft UIInterfaceOrientationLandscapeRight";
				INFOPLIST_KEY_UISupportedInterfaceOrientations_iPhone = "UIInterfaceOrientationPortrait UIInterfaceOrientationLandscapeLeft UIInterfaceOrientationLandscapeRight";
				LD_RUNPATH_SEARCH_PATHS = (
					"$(inherited)",
					"@executable_path/Frameworks",
				);
				MARKETING_VERSION = 1.0;
				PRODUCT_BUNDLE_IDENTIFIER = com.mnv.RealtimeCounter;
				PRODUCT_NAME = "$(TARGET_NAME)";
				SWIFT_EMIT_LOC_STRINGS = YES;
				SWIFT_VERSION = 5.0;
				TARGETED_DEVICE_FAMILY = "1,2";
			};
			name = Debug;
		};
		52A7FB9228DC21760008E671 /* Release */ = {
			isa = XCBuildConfiguration;
			baseConfigurationReference = B21CE935BE3B4007D7C0EC5E /* Pods-RealtimeCounter.release.xcconfig */;
			buildSettings = {
				ASSETCATALOG_COMPILER_APPICON_NAME = AppIcon;
				ASSETCATALOG_COMPILER_GLOBAL_ACCENT_COLOR_NAME = AccentColor;
				CODE_SIGN_STYLE = Automatic;
				CURRENT_PROJECT_VERSION = 1;
				DEVELOPMENT_TEAM = Q9H79YSD8C;
				GENERATE_INFOPLIST_FILE = YES;
				INFOPLIST_FILE = RealtimeCounter/Info.plist;
				INFOPLIST_KEY_UIApplicationSupportsIndirectInputEvents = YES;
				INFOPLIST_KEY_UILaunchStoryboardName = LaunchScreen;
				INFOPLIST_KEY_UIMainStoryboardFile = Main;
				INFOPLIST_KEY_UISupportedInterfaceOrientations_iPad = "UIInterfaceOrientationPortrait UIInterfaceOrientationPortraitUpsideDown UIInterfaceOrientationLandscapeLeft UIInterfaceOrientationLandscapeRight";
				INFOPLIST_KEY_UISupportedInterfaceOrientations_iPhone = "UIInterfaceOrientationPortrait UIInterfaceOrientationLandscapeLeft UIInterfaceOrientationLandscapeRight";
				LD_RUNPATH_SEARCH_PATHS = (
					"$(inherited)",
					"@executable_path/Frameworks",
				);
				MARKETING_VERSION = 1.0;
				PRODUCT_BUNDLE_IDENTIFIER = com.mnv.RealtimeCounter;
				PRODUCT_NAME = "$(TARGET_NAME)";
				SWIFT_EMIT_LOC_STRINGS = YES;
				SWIFT_VERSION = 5.0;
				TARGETED_DEVICE_FAMILY = "1,2";
			};
			name = Release;
		};
/* End XCBuildConfiguration section */

/* Begin XCConfigurationList section */
		52A7FB7728DC21740008E671 /* Build configuration list for PBXProject "RealtimeCounter" */ = {
			isa = XCConfigurationList;
			buildConfigurations = (
				52A7FB8E28DC21760008E671 /* Debug */,
				52A7FB8F28DC21760008E671 /* Release */,
			);
			defaultConfigurationIsVisible = 0;
			defaultConfigurationName = Release;
		};
		52A7FB9028DC21760008E671 /* Build configuration list for PBXNativeTarget "RealtimeCounter" */ = {
			isa = XCConfigurationList;
			buildConfigurations = (
				52A7FB9128DC21760008E671 /* Debug */,
				52A7FB9228DC21760008E671 /* Release */,
			);
			defaultConfigurationIsVisible = 0;
			defaultConfigurationName = Release;
		};
/* End XCConfigurationList section */
	};
	rootObject = 52A7FB7428DC21740008E671 /* Project object */;
}
